
Microsoft Visual Studio Solution File, Format Version 12.00
# Visual Studio Version 16
VisualStudioVersion = 16.0.28803.452
MinimumVisualStudioVersion = 10.0.40219.1
Project("{9A19103F-16F7-4668-BE54-9A1E7A4F7556}") = "Cake.SoftNUnit3", "src\Cake.SoftNUnit3.csproj", "{18BCC1EA-CF87-4369-B15E-67E4609558BF}"
EndProject
Global
	GlobalSection(SolutionConfigurationPlatforms) = preSolution
		Debug|Any CPU = Debug|Any CPU
		Release|Any CPU = Release|Any CPU
	EndGlobalSection
	GlobalSection(ProjectConfigurationPlatforms) = postSolution
		{18BCC1EA-CF87-4369-B15E-67E4609558BF}.Debug|Any CPU.ActiveCfg = Debug|Any CPU
		{18BCC1EA-CF87-4369-B15E-67E4609558BF}.Debug|Any CPU.Build.0 = Debug|Any CPU
		{18BCC1EA-CF87-4369-B15E-67E4609558BF}.Release|Any CPU.ActiveCfg = Release|Any CPU
		{18BCC1EA-CF87-4369-B15E-67E4609558BF}.Release|Any CPU.Build.0 = Release|Any CPU
	EndGlobalSection
	GlobalSection(SolutionProperties) = preSolution
		HideSolutionNode = FALSE
	EndGlobalSection
	GlobalSection(ExtensibilityGlobals) = postSolution
		SolutionGuid = {EE4782D2-3B6F-4A3C-AF7E-44A3EF29926A}
	EndGlobalSection
EndGlobal
